
Microsoft Visual Studio Solution File, Format Version 12.00
# Visual Studio Version 16
VisualStudioVersion = 16.0.31911.196
MinimumVisualStudioVersion = 10.0.40219.1
Project("{FAE04EC0-301F-11D3-BF4B-00C04F79EFBC}") = "SendMessage", "SendMessage\SendMessage.csproj", "{5A30C26B-4BD3-4289-A606-7A3C9136194F}"
EndProject
Global
	GlobalSection(SolutionConfigurationPlatforms) = preSolution
		Debug|Any CPU = Debug|Any CPU
		Release|Any CPU = Release|Any CPU
	EndGlobalSection
	GlobalSection(ProjectConfigurationPlatforms) = postSolution
		{5A30C26B-4BD3-4289-A606-7A3C9136194F}.Debug|Any CPU.ActiveCfg = Debug|Any CPU
		{5A30C26B-4BD3-4289-A606-7A3C9136194F}.Debug|Any CPU.Build.0 = Debug|Any CPU
		{5A30C26B-4BD3-4289-A606-7A3C9136194F}.Release|Any CPU.ActiveCfg = Release|Any CPU
		{5A30C26B-4BD3-4289-A606-7A3C9136194F}.Release|Any CPU.Build.0 = Release|Any CPU
	EndGlobalSection
	GlobalSection(SolutionProperties) = preSolution
		HideSolutionNode = FALSE
	EndGlobalSection
	GlobalSection(ExtensibilityGlobals) = postSolution
		SolutionGuid = {9E82B657-31EA-48BA-93C1-96A987F63AF3}
	EndGlobalSection
EndGlobal
